
Microsoft Visual Studio Solution File, Format Version 12.00
# Visual Studio Version 17
VisualStudioVersion = 17.5.33516.290
MinimumVisualStudioVersion = 10.0.40219.1
Project("{FAE04EC0-301F-11D3-BF4B-00C04F79EFBC}") = "Task3", "Task3\Task3.csproj", "{F993C7AC-21CF-45C4-9E6D-B2AE48EDE23F}"
EndProject
Global
	GlobalSection(SolutionConfigurationPlatforms) = preSolution
		Debug|Any CPU = Debug|Any CPU
		Release|Any CPU = Release|Any CPU
	EndGlobalSection
	GlobalSection(ProjectConfigurationPlatforms) = postSolution
		{F993C7AC-21CF-45C4-9E6D-B2AE48EDE23F}.Debug|Any CPU.ActiveCfg = Debug|Any CPU
		{F993C7AC-21CF-45C4-9E6D-B2AE48EDE23F}.Debug|Any CPU.Build.0 = Debug|Any CPU
		{F993C7AC-21CF-45C4-9E6D-B2AE48EDE23F}.Release|Any CPU.ActiveCfg = Release|Any CPU
		{F993C7AC-21CF-45C4-9E6D-B2AE48EDE23F}.Release|Any CPU.Build.0 = Release|Any CPU
	EndGlobalSection
	GlobalSection(SolutionProperties) = preSolution
		HideSolutionNode = FALSE
	EndGlobalSection
	GlobalSection(ExtensibilityGlobals) = postSolution
		SolutionGuid = {E0E9A445-D19B-4075-AB73-C59C5B72F1A6}
	EndGlobalSection
EndGlobal
